
Microsoft Visual Studio Solution File, Format Version 12.00
# Visual Studio Version 16
VisualStudioVersion = 16.0.30204.135
MinimumVisualStudioVersion = 10.0.40219.1
Project("{FAE04EC0-301F-11D3-BF4B-00C04F79EFBC}") = "BeginProject", "BeginProject.csproj", "{5FC6EBBF-7090-40BE-97B4-AC2923249E33}"
EndProject
Project("{FAE04EC0-301F-11D3-BF4B-00C04F79EFBC}") = "AboutType", "..\AboutType\AboutType.csproj", "{09076634-A4D1-463E-BA8B-EE6249121C32}"
EndProject
Project("{FAE04EC0-301F-11D3-BF4B-00C04F79EFBC}") = "TypeConversion", "..\TypeConversion\TypeConversion.csproj", "{F7EF6153-5279-44A1-9F8F-C4AC816D254F}"
EndProject
Project("{FAE04EC0-301F-11D3-BF4B-00C04F79EFBC}") = "ControlStatement", "..\ControlStatement\ControlStatement.csproj", "{CF77BFBE-9135-4C0A-832E-C23AB3148345}"
EndProject
Project("{FAE04EC0-301F-11D3-BF4B-00C04F79EFBC}") = "MethodTest", "..\MethodTest\MethodTest.csproj", "{821EA406-F4B5-4574-82A2-BA70BF7B8750}"
EndProject
Project("{FAE04EC0-301F-11D3-BF4B-00C04F79EFBC}") = "StaticMethodTest", "..\StaticMethodTest\StaticMethodTest.csproj", "{82A3C632-C50B-4970-A0C1-D633B26CD4CD}"
EndProject
Project("{FAE04EC0-301F-11D3-BF4B-00C04F79EFBC}") = "Param1", "..\Param1\Param1.csproj", "{1497F528-9F8A-4184-B1E3-19D3FD1B6CEF}"
EndProject
Project("{FAE04EC0-301F-11D3-BF4B-00C04F79EFBC}") = "Param2", "..\Param2\Param2.csproj", "{0BC44D4B-5687-4168-B02D-42326406730D}"
EndProject
Project("{FAE04EC0-301F-11D3-BF4B-00C04F79EFBC}") = "Param3", "..\Param3\Param3.csproj", "{97C0CF23-B683-4C1B-9116-CBAA21B30295}"
EndProject
Project("{FAE04EC0-301F-11D3-BF4B-00C04F79EFBC}") = "Param4", "..\Param4\Param4.csproj", "{D822BD5D-67E4-46DA-A758-0D92AC32D0D1}"
EndProject
Project("{FAE04EC0-301F-11D3-BF4B-00C04F79EFBC}") = "Param5", "..\Param5\Param5.csproj", "{C2FC4EFE-0192-4D01-9BCE-A6E6694C98E2}"
EndProject
Project("{FAE04EC0-301F-11D3-BF4B-00C04F79EFBC}") = "Param6", "..\Param6\Param6.csproj", "{78B1EADB-3FA5-40F7-AF1F-F5D4A7B04DB5}"
EndProject
Project("{FAE04EC0-301F-11D3-BF4B-00C04F79EFBC}") = "Param6_1", "..\Param6_1\Param6_1.csproj", "{C5B65825-79B7-4C8D-8A09-F1CFC8CA314C}"
EndProject
Project("{FAE04EC0-301F-11D3-BF4B-00C04F79EFBC}") = "MethodOverloading", "..\MethodOverloading\MethodOverloading.csproj", "{7DCD71D1-9BA8-4D5F-B3C7-CA905C90FC98}"
EndProject
Project("{FAE04EC0-301F-11D3-BF4B-00C04F79EFBC}") = "ArrayExample", "..\ArrayExample\ArrayExample.csproj", "{6F7861A9-4421-4957-8C8A-01C53FF6C560}"
EndProject
Project("{FAE04EC0-301F-11D3-BF4B-00C04F79EFBC}") = "CopyArray", "..\CopyArray\CopyArray.csproj", "{B438F6C7-0CAB-405E-83DB-7ACB4E7B056E}"
EndProject
Project("{FAE04EC0-301F-11D3-BF4B-00C04F79EFBC}") = "ArrayLank", "..\ArrayLank\ArrayLank.csproj", "{48EC365A-C66F-41B9-98FB-701B0B5A90F2}"
EndProject
Project("{FAE04EC0-301F-11D3-BF4B-00C04F79EFBC}") = "ArraySort", "..\ArraySort\ArraySort.csproj", "{B4E2F05F-C0D2-4090-8B84-2A32F1845DFC}"
EndProject
Project("{FAE04EC0-301F-11D3-BF4B-00C04F79EFBC}") = "ArrayClear1", "..\ArrayClear1\ArrayClear1.csproj", "{4DE8DC1A-89BB-499F-8565-6FA09ED4D6AB}"
EndProject
Project("{FAE04EC0-301F-11D3-BF4B-00C04F79EFBC}") = "ArrayClear2", "..\ArrayClear2\ArrayClear2.csproj", "{8ECB17A4-5993-4F90-B23B-6B106BC3941C}"
EndProject
Project("{FAE04EC0-301F-11D3-BF4B-00C04F79EFBC}") = "ArrayClone", "..\ArrayClone\ArrayClone.csproj", "{858048BB-3C17-4AAE-829E-E46D54AC43A9}"
EndProject
Project("{FAE04EC0-301F-11D3-BF4B-00C04F79EFBC}") = "ArrayClone2", "..\ArrayClone2\ArrayClone2.csproj", "{982414F6-7D2B-4819-8F16-9FAF866CB637}"
EndProject
Project("{FAE04EC0-301F-11D3-BF4B-00C04F79EFBC}") = "OnPaintExample", "..\OnPaintExample\OnPaintExample.csproj", "{4C8F1EBF-4E3D-4012-AA8E-7A533EF1E30D}"
EndProject
Project("{FAE04EC0-301F-11D3-BF4B-00C04F79EFBC}") = "ArrayIndex", "..\ArrayIndex\ArrayIndex.csproj", "{A9560150-3A53-4488-81B5-C7F1482B529A}"
EndProject
Project("{FAE04EC0-301F-11D3-BF4B-00C04F79EFBC}") = "ReturnType", "..\StaticMethod\ReturnType.csproj", "{A651581E-1738-4E81-865F-032DA3A0E578}"
EndProject
Project("{FAE04EC0-301F-11D3-BF4B-00C04F79EFBC}") = "MainAgrs", "..\MainAgrs\MainAgrs.csproj", "{7F9F89C2-179C-4258-B773-006236803C37}"
EndProject
Project("{FAE04EC0-301F-11D3-BF4B-00C04F79EFBC}") = "WindowsFormsApp1", "..\WindowsFormsApp1\WindowsFormsApp1.csproj", "{4E7A3F9A-FA01-4331-B038-F2D4D84A8049}"
EndProject
Project("{FAE04EC0-301F-11D3-BF4B-00C04F79EFBC}") = "OOP", "..\OOP\OOP.csproj", "{C80E4149-2825-40C5-9686-BFC5F485D1D1}"
EndProject
Project("{FAE04EC0-301F-11D3-BF4B-00C04F79EFBC}") = "Overriding", "..\Overriding\Overriding.csproj", "{D1A04210-2149-4D15-955C-6280C9D5C855}"
EndProject
Project("{FAE04EC0-301F-11D3-BF4B-00C04F79EFBC}") = "OverridingExample", "..\OverridingExample\OverridingExample.csproj", "{3E5EE74D-22FC-4D0F-859C-1CBCA65ED5CE}"
EndProject
Project("{FAE04EC0-301F-11D3-BF4B-00C04F79EFBC}") = "InterfaceExample", "..\InterfaceExample\InterfaceExample.csproj", "{10E7AFA4-D1C7-4B93-9615-77CE183E6543}"
EndProject
Project("{FAE04EC0-301F-11D3-BF4B-00C04F79EFBC}") = "InterfaceExample2", "..\InterfaceExample2\InterfaceExample2.csproj", "{66AB124D-69E6-4E56-8C80-4A7E8F15F0FB}"
EndProject
Project("{FAE04EC0-301F-11D3-BF4B-00C04F79EFBC}") = "ExceptionExample", "..\ExceptionExample\ExceptionExample.csproj", "{33833DD8-212B-458C-9727-A5B6CA15AACC}"
EndProject
Project("{FAE04EC0-301F-11D3-BF4B-00C04F79EFBC}") = "ValueReferenceType", "..\ValueReferenceType\ValueReferenceType.csproj", "{52182810-1115-49C0-A1A8-503644A1D4F5}"
EndProject
Project("{FAE04EC0-301F-11D3-BF4B-00C04F79EFBC}") = "DownUpCasting", "..\DownUpCasting\DownUpCasting.csproj", "{074BBE26-8048-4273-8702-CCD4750FCE88}"
EndProject
Project("{FAE04EC0-301F-11D3-BF4B-00C04F79EFBC}") = "PropertyExample", "..\PropertyExample\PropertyExample.csproj", "{E49CC6C2-AC23-49BF-B359-18019A568828}"
EndProject
Project("{FAE04EC0-301F-11D3-BF4B-00C04F79EFBC}") = "PropertyExample2", "..\PropertyExample2\PropertyExample2.csproj", "{E641DB4D-2B30-44EB-BF56-86E7A293F31A}"
EndProject
Project("{FAE04EC0-301F-11D3-BF4B-00C04F79EFBC}") = "IndexerExample", "..\IndexerExample\IndexerExample.csproj", "{1A4EC1D5-A870-4D6F-A5AE-94F9B32E2A7A}"
EndProject
Project("{FAE04EC0-301F-11D3-BF4B-00C04F79EFBC}") = "DelegateExample", "..\Static\DelegateExample.csproj", "{A6A92C6E-8A29-412A-8241-EB34B11F5C26}"
EndProject
Project("{FAE04EC0-301F-11D3-BF4B-00C04F79EFBC}") = "Delegate", "..\Delegate\Delegate.csproj", "{E0137CF6-F9EF-4558-BC69-760EAD6FD624}"
EndProject
Project("{FAE04EC0-301F-11D3-BF4B-00C04F79EFBC}") = "DelegateExample2", "..\DelegateExample2\DelegateExample2.csproj", "{77CAA7C4-81F4-42CB-9732-E5C2398B49F4}"
EndProject
Project("{FAE04EC0-301F-11D3-BF4B-00C04F79EFBC}") = "ParamsExample", "..\ParamsExample\ParamsExample.csproj", "{A41F7D78-64BC-4664-A78E-42400C62E942}"
EndProject
Project("{FAE04EC0-301F-11D3-BF4B-00C04F79EFBC}") = "ExternExample", "..\ExternExample\ExternExample.csproj", "{B0678DC7-0F5A-40F6-B6ED-9728EBAE2D88}"
EndProject
Project("{FAE04EC0-301F-11D3-BF4B-00C04F79EFBC}") = "SocketExample", "..\SocketExample\SocketExample.csproj", "{BC789B43-1E17-4C1D-9B17-8060662D3CBF}"
EndProject
Project("{FAE04EC0-301F-11D3-BF4B-00C04F79EFBC}") = "SocetProgramming", "..\SocetProgramming\SocetProgramming.csproj", "{F75F6471-4D19-4FE1-BD7F-95B90FF8CAEC}"
EndProject
Project("{FAE04EC0-301F-11D3-BF4B-00C04F79EFBC}") = "SocketExample2", "..\SocketExample2\SocketExample2.csproj", "{4B7293D9-0BA5-475E-BA34-B6A184422361}"
EndProject
Project("{FAE04EC0-301F-11D3-BF4B-00C04F79EFBC}") = "SocketExample3", "..\SocketExample3\SocketExample3.csproj", "{75EA74AE-4C2B-4A2D-8E9A-23E4D996367B}"
EndProject
Project("{FAE04EC0-301F-11D3-BF4B-00C04F79EFBC}") = "ClientExample", "..\ClientExample\ClientExample.csproj", "{F1C204F2-BBB2-4FA1-A072-AE2640051E4A}"
EndProject
Global
	GlobalSection(SolutionConfigurationPlatforms) = preSolution
		Debug|Any CPU = Debug|Any CPU
		Release|Any CPU = Release|Any CPU
	EndGlobalSection
	GlobalSection(ProjectConfigurationPlatforms) = postSolution
		{5FC6EBBF-7090-40BE-97B4-AC2923249E33}.Debug|Any CPU.ActiveCfg = Debug|Any CPU
		{5FC6EBBF-7090-40BE-97B4-AC2923249E33}.Debug|Any CPU.Build.0 = Debug|Any CPU
		{5FC6EBBF-7090-40BE-97B4-AC2923249E33}.Release|Any CPU.ActiveCfg = Release|Any CPU
		{5FC6EBBF-7090-40BE-97B4-AC2923249E33}.Release|Any CPU.Build.0 = Release|Any CPU
		{09076634-A4D1-463E-BA8B-EE6249121C32}.Debug|Any CPU.ActiveCfg = Debug|Any CPU
		{09076634-A4D1-463E-BA8B-EE6249121C32}.Debug|Any CPU.Build.0 = Debug|Any CPU
		{09076634-A4D1-463E-BA8B-EE6249121C32}.Release|Any CPU.ActiveCfg = Release|Any CPU
		{09076634-A4D1-463E-BA8B-EE6249121C32}.Release|Any CPU.Build.0 = Release|Any CPU
		{F7EF6153-5279-44A1-9F8F-C4AC816D254F}.Debug|Any CPU.ActiveCfg = Debug|Any CPU
		{F7EF6153-5279-44A1-9F8F-C4AC816D254F}.Debug|Any CPU.Build.0 = Debug|Any CPU
		{F7EF6153-5279-44A1-9F8F-C4AC816D254F}.Release|Any CPU.ActiveCfg = Release|Any CPU
		{F7EF6153-5279-44A1-9F8F-C4AC816D254F}.Release|Any CPU.Build.0 = Release|Any CPU
		{CF77BFBE-9135-4C0A-832E-C23AB3148345}.Debug|Any CPU.ActiveCfg = Debug|Any CPU
		{CF77BFBE-9135-4C0A-832E-C23AB3148345}.Debug|Any CPU.Build.0 = Debug|Any CPU
		{CF77BFBE-9135-4C0A-832E-C23AB3148345}.Release|Any CPU.ActiveCfg = Release|Any CPU
		{CF77BFBE-9135-4C0A-832E-C23AB3148345}.Release|Any CPU.Build.0 = Release|Any CPU
		{821EA406-F4B5-4574-82A2-BA70BF7B8750}.Debug|Any CPU.ActiveCfg = Debug|Any CPU
		{821EA406-F4B5-4574-82A2-BA70BF7B8750}.Debug|Any CPU.Build.0 = Debug|Any CPU
		{821EA406-F4B5-4574-82A2-BA70BF7B8750}.Release|Any CPU.ActiveCfg = Release|Any CPU
		{821EA406-F4B5-4574-82A2-BA70BF7B8750}.Release|Any CPU.Build.0 = Release|Any CPU
		{82A3C632-C50B-4970-A0C1-D633B26CD4CD}.Debug|Any CPU.ActiveCfg = Debug|Any CPU
		{82A3C632-C50B-4970-A0C1-D633B26CD4CD}.Debug|Any CPU.Build.0 = Debug|Any CPU
		{82A3C632-C50B-4970-A0C1-D633B26CD4CD}.Release|Any CPU.ActiveCfg = Release|Any CPU
		{82A3C632-C50B-4970-A0C1-D633B26CD4CD}.Release|Any CPU.Build.0 = Release|Any CPU
		{1497F528-9F8A-4184-B1E3-19D3FD1B6CEF}.Debug|Any CPU.ActiveCfg = Debug|Any CPU
		{1497F528-9F8A-4184-B1E3-19D3FD1B6CEF}.Debug|Any CPU.Build.0 = Debug|Any CPU
		{1497F528-9F8A-4184-B1E3-19D3FD1B6CEF}.Release|Any CPU.ActiveCfg = Release|Any CPU
		{1497F528-9F8A-4184-B1E3-19D3FD1B6CEF}.Release|Any CPU.Build.0 = Release|Any CPU
		{0BC44D4B-5687-4168-B02D-42326406730D}.Debug|Any CPU.ActiveCfg = Debug|Any CPU
		{0BC44D4B-5687-4168-B02D-42326406730D}.Debug|Any CPU.Build.0 = Debug|Any CPU
		{0BC44D4B-5687-4168-B02D-42326406730D}.Release|Any CPU.ActiveCfg = Release|Any CPU
		{0BC44D4B-5687-4168-B02D-42326406730D}.Release|Any CPU.Build.0 = Release|Any CPU
		{97C0CF23-B683-4C1B-9116-CBAA21B30295}.Debug|Any CPU.ActiveCfg = Debug|Any CPU
		{97C0CF23-B683-4C1B-9116-CBAA21B30295}.Debug|Any CPU.Build.0 = Debug|Any CPU
		{97C0CF23-B683-4C1B-9116-CBAA21B30295}.Release|Any CPU.ActiveCfg = Release|Any CPU
		{97C0CF23-B683-4C1B-9116-CBAA21B30295}.Release|Any CPU.Build.0 = Release|Any CPU
		{D822BD5D-67E4-46DA-A758-0D92AC32D0D1}.Debug|Any CPU.ActiveCfg = Debug|Any CPU
		{D822BD5D-67E4-46DA-A758-0D92AC32D0D1}.Debug|Any CPU.Build.0 = Debug|Any CPU
		{D822BD5D-67E4-46DA-A758-0D92AC32D0D1}.Release|Any CPU.ActiveCfg = Release|Any CPU
		{D822BD5D-67E4-46DA-A758-0D92AC32D0D1}.Release|Any CPU.Build.0 = Release|Any CPU
		{C2FC4EFE-0192-4D01-9BCE-A6E6694C98E2}.Debug|Any CPU.ActiveCfg = Debug|Any CPU
		{C2FC4EFE-0192-4D01-9BCE-A6E6694C98E2}.Debug|Any CPU.Build.0 = Debug|Any CPU
		{C2FC4EFE-0192-4D01-9BCE-A6E6694C98E2}.Release|Any CPU.ActiveCfg = Release|Any CPU
		{C2FC4EFE-0192-4D01-9BCE-A6E6694C98E2}.Release|Any CPU.Build.0 = Release|Any CPU
		{78B1EADB-3FA5-40F7-AF1F-F5D4A7B04DB5}.Debug|Any CPU.ActiveCfg = Debug|Any CPU
		{78B1EADB-3FA5-40F7-AF1F-F5D4A7B04DB5}.Debug|Any CPU.Build.0 = Debug|Any CPU
		{78B1EADB-3FA5-40F7-AF1F-F5D4A7B04DB5}.Release|Any CPU.ActiveCfg = Release|Any CPU
		{78B1EADB-3FA5-40F7-AF1F-F5D4A7B04DB5}.Release|Any CPU.Build.0 = Release|Any CPU
		{C5B65825-79B7-4C8D-8A09-F1CFC8CA314C}.Debug|Any CPU.ActiveCfg = Debug|Any CPU
		{C5B65825-79B7-4C8D-8A09-F1CFC8CA314C}.Debug|Any CPU.Build.0 = Debug|Any CPU
		{C5B65825-79B7-4C8D-8A09-F1CFC8CA314C}.Release|Any CPU.ActiveCfg = Release|Any CPU
		{C5B65825-79B7-4C8D-8A09-F1CFC8CA314C}.Release|Any CPU.Build.0 = Release|Any CPU
		{7DCD71D1-9BA8-4D5F-B3C7-CA905C90FC98}.Debug|Any CPU.ActiveCfg = Debug|Any CPU
		{7DCD71D1-9BA8-4D5F-B3C7-CA905C90FC98}.Debug|Any CPU.Build.0 = Debug|Any CPU
		{7DCD71D1-9BA8-4D5F-B3C7-CA905C90FC98}.Release|Any CPU.ActiveCfg = Release|Any CPU
		{7DCD71D1-9BA8-4D5F-B3C7-CA905C90FC98}.Release|Any CPU.Build.0 = Release|Any CPU
		{6F7861A9-4421-4957-8C8A-01C53FF6C560}.Debug|Any CPU.ActiveCfg = Debug|Any CPU
		{6F7861A9-4421-4957-8C8A-01C53FF6C560}.Debug|Any CPU.Build.0 = Debug|Any CPU
		{6F7861A9-4421-4957-8C8A-01C53FF6C560}.Release|Any CPU.ActiveCfg = Release|Any CPU
		{6F7861A9-4421-4957-8C8A-01C53FF6C560}.Release|Any CPU.Build.0 = Release|Any CPU
		{B438F6C7-0CAB-405E-83DB-7ACB4E7B056E}.Debug|Any CPU.ActiveCfg = Debug|Any CPU
		{B438F6C7-0CAB-405E-83DB-7ACB4E7B056E}.Debug|Any CPU.Build.0 = Debug|Any CPU
		{B438F6C7-0CAB-405E-83DB-7ACB4E7B056E}.Release|Any CPU.ActiveCfg = Release|Any CPU
		{B438F6C7-0CAB-405E-83DB-7ACB4E7B056E}.Release|Any CPU.Build.0 = Release|Any CPU
		{48EC365A-C66F-41B9-98FB-701B0B5A90F2}.Debug|Any CPU.ActiveCfg = Debug|Any CPU
		{48EC365A-C66F-41B9-98FB-701B0B5A90F2}.Debug|Any CPU.Build.0 = Debug|Any CPU
		{48EC365A-C66F-41B9-98FB-701B0B5A90F2}.Release|Any CPU.ActiveCfg = Release|Any CPU
		{48EC365A-C66F-41B9-98FB-701B0B5A90F2}.Release|Any CPU.Build.0 = Release|Any CPU
		{B4E2F05F-C0D2-4090-8B84-2A32F1845DFC}.Debug|Any CPU.ActiveCfg = Debug|Any CPU
		{B4E2F05F-C0D2-4090-8B84-2A32F1845DFC}.Debug|Any CPU.Build.0 = Debug|Any CPU
		{B4E2F05F-C0D2-4090-8B84-2A32F1845DFC}.Release|Any CPU.ActiveCfg = Release|Any CPU
		{B4E2F05F-C0D2-4090-8B84-2A32F1845DFC}.Release|Any CPU.Build.0 = Release|Any CPU
		{4DE8DC1A-89BB-499F-8565-6FA09ED4D6AB}.Debug|Any CPU.ActiveCfg = Debug|Any CPU
		{4DE8DC1A-89BB-499F-8565-6FA09ED4D6AB}.Debug|Any CPU.Build.0 = Debug|Any CPU
		{4DE8DC1A-89BB-499F-8565-6FA09ED4D6AB}.Release|Any CPU.ActiveCfg = Release|Any CPU
		{4DE8DC1A-89BB-499F-8565-6FA09ED4D6AB}.Release|Any CPU.Build.0 = Release|Any CPU
		{8ECB17A4-5993-4F90-B23B-6B106BC3941C}.Debug|Any CPU.ActiveCfg = Debug|Any CPU
		{8ECB17A4-5993-4F90-B23B-6B106BC3941C}.Debug|Any CPU.Build.0 = Debug|Any CPU
		{8ECB17A4-5993-4F90-B23B-6B106BC3941C}.Release|Any CPU.ActiveCfg = Release|Any CPU
		{8ECB17A4-5993-4F90-B23B-6B106BC3941C}.Release|Any CPU.Build.0 = Release|Any CPU
		{858048BB-3C17-4AAE-829E-E46D54AC43A9}.Debug|Any CPU.ActiveCfg = Debug|Any CPU
		{858048BB-3C17-4AAE-829E-E46D54AC43A9}.Debug|Any CPU.Build.0 = Debug|Any CPU
		{858048BB-3C17-4AAE-829E-E46D54AC43A9}.Release|Any CPU.ActiveCfg = Release|Any CPU
		{858048BB-3C17-4AAE-829E-E46D54AC43A9}.Release|Any CPU.Build.0 = Release|Any CPU
		{982414F6-7D2B-4819-8F16-9FAF866CB637}.Debug|Any CPU.ActiveCfg = Debug|Any CPU
		{982414F6-7D2B-4819-8F16-9FAF866CB637}.Debug|Any CPU.Build.0 = Debug|Any CPU
		{982414F6-7D2B-4819-8F16-9FAF866CB637}.Release|Any CPU.ActiveCfg = Release|Any CPU
		{982414F6-7D2B-4819-8F16-9FAF866CB637}.Release|Any CPU.Build.0 = Release|Any CPU
		{4C8F1EBF-4E3D-4012-AA8E-7A533EF1E30D}.Debug|Any CPU.ActiveCfg = Debug|Any CPU
		{4C8F1EBF-4E3D-4012-AA8E-7A533EF1E30D}.Debug|Any CPU.Build.0 = Debug|Any CPU
		{4C8F1EBF-4E3D-4012-AA8E-7A533EF1E30D}.Release|Any CPU.ActiveCfg = Release|Any CPU
		{4C8F1EBF-4E3D-4012-AA8E-7A533EF1E30D}.Release|Any CPU.Build.0 = Release|Any CPU
		{A9560150-3A53-4488-81B5-C7F1482B529A}.Debug|Any CPU.ActiveCfg = Debug|Any CPU
		{A9560150-3A53-4488-81B5-C7F1482B529A}.Debug|Any CPU.Build.0 = Debug|Any CPU
		{A9560150-3A53-4488-81B5-C7F1482B529A}.Release|Any CPU.ActiveCfg = Release|Any CPU
		{A9560150-3A53-4488-81B5-C7F1482B529A}.Release|Any CPU.Build.0 = Release|Any CPU
		{A651581E-1738-4E81-865F-032DA3A0E578}.Debug|Any CPU.ActiveCfg = Debug|Any CPU
		{A651581E-1738-4E81-865F-032DA3A0E578}.Debug|Any CPU.Build.0 = Debug|Any CPU
		{A651581E-1738-4E81-865F-032DA3A0E578}.Release|Any CPU.ActiveCfg = Release|Any CPU
		{A651581E-1738-4E81-865F-032DA3A0E578}.Release|Any CPU.Build.0 = Release|Any CPU
		{7F9F89C2-179C-4258-B773-006236803C37}.Debug|Any CPU.ActiveCfg = Debug|Any CPU
		{7F9F89C2-179C-4258-B773-006236803C37}.Debug|Any CPU.Build.0 = Debug|Any CPU
		{7F9F89C2-179C-4258-B773-006236803C37}.Release|Any CPU.ActiveCfg = Release|Any CPU
		{7F9F89C2-179C-4258-B773-006236803C37}.Release|Any CPU.Build.0 = Release|Any CPU
		{4E7A3F9A-FA01-4331-B038-F2D4D84A8049}.Debug|Any CPU.ActiveCfg = Debug|Any CPU
		{4E7A3F9A-FA01-4331-B038-F2D4D84A8049}.Debug|Any CPU.Build.0 = Debug|Any CPU
		{4E7A3F9A-FA01-4331-B038-F2D4D84A8049}.Release|Any CPU.ActiveCfg = Release|Any CPU
		{4E7A3F9A-FA01-4331-B038-F2D4D84A8049}.Release|Any CPU.Build.0 = Release|Any CPU
		{C80E4149-2825-40C5-9686-BFC5F485D1D1}.Debug|Any CPU.ActiveCfg = Debug|Any CPU
		{C80E4149-2825-40C5-9686-BFC5F485D1D1}.Debug|Any CPU.Build.0 = Debug|Any CPU
		{C80E4149-2825-40C5-9686-BFC5F485D1D1}.Release|Any CPU.ActiveCfg = Release|Any CPU
		{C80E4149-2825-40C5-9686-BFC5F485D1D1}.Release|Any CPU.Build.0 = Release|Any CPU
		{D1A04210-2149-4D15-955C-6280C9D5C855}.Debug|Any CPU.ActiveCfg = Debug|Any CPU
		{D1A04210-2149-4D15-955C-6280C9D5C855}.Debug|Any CPU.Build.0 = Debug|Any CPU
		{D1A04210-2149-4D15-955C-6280C9D5C855}.Release|Any CPU.ActiveCfg = Release|Any CPU
		{D1A04210-2149-4D15-955C-6280C9D5C855}.Release|Any CPU.Build.0 = Release|Any CPU
		{3E5EE74D-22FC-4D0F-859C-1CBCA65ED5CE}.Debug|Any CPU.ActiveCfg = Debug|Any CPU
		{3E5EE74D-22FC-4D0F-859C-1CBCA65ED5CE}.Debug|Any CPU.Build.0 = Debug|Any CPU
		{3E5EE74D-22FC-4D0F-859C-1CBCA65ED5CE}.Release|Any CPU.ActiveCfg = Release|Any CPU
		{3E5EE74D-22FC-4D0F-859C-1CBCA65ED5CE}.Release|Any CPU.Build.0 = Release|Any CPU
		{10E7AFA4-D1C7-4B93-9615-77CE183E6543}.Debug|Any CPU.ActiveCfg = Debug|Any CPU
		{10E7AFA4-D1C7-4B93-9615-77CE183E6543}.Debug|Any CPU.Build.0 = Debug|Any CPU
		{10E7AFA4-D1C7-4B93-9615-77CE183E6543}.Release|Any CPU.ActiveCfg = Release|Any CPU
		{10E7AFA4-D1C7-4B93-9615-77CE183E6543}.Release|Any CPU.Build.0 = Release|Any CPU
		{66AB124D-69E6-4E56-8C80-4A7E8F15F0FB}.Debug|Any CPU.ActiveCfg = Debug|Any CPU
		{66AB124D-69E6-4E56-8C80-4A7E8F15F0FB}.Debug|Any CPU.Build.0 = Debug|Any CPU
		{66AB124D-69E6-4E56-8C80-4A7E8F15F0FB}.Release|Any CPU.ActiveCfg = Release|Any CPU
		{66AB124D-69E6-4E56-8C80-4A7E8F15F0FB}.Release|Any CPU.Build.0 = Release|Any CPU
		{33833DD8-212B-458C-9727-A5B6CA15AACC}.Debug|Any CPU.ActiveCfg = Debug|Any CPU
		{33833DD8-212B-458C-9727-A5B6CA15AACC}.Debug|Any CPU.Build.0 = Debug|Any CPU
		{33833DD8-212B-458C-9727-A5B6CA15AACC}.Release|Any CPU.ActiveCfg = Release|Any CPU
		{33833DD8-212B-458C-9727-A5B6CA15AACC}.Release|Any CPU.Build.0 = Release|Any CPU
		{52182810-1115-49C0-A1A8-503644A1D4F5}.Debug|Any CPU.ActiveCfg = Debug|Any CPU
		{52182810-1115-49C0-A1A8-503644A1D4F5}.Debug|Any CPU.Build.0 = Debug|Any CPU
		{52182810-1115-49C0-A1A8-503644A1D4F5}.Release|Any CPU.ActiveCfg = Release|Any CPU
		{52182810-1115-49C0-A1A8-503644A1D4F5}.Release|Any CPU.Build.0 = Release|Any CPU
		{074BBE26-8048-4273-8702-CCD4750FCE88}.Debug|Any CPU.ActiveCfg = Debug|Any CPU
		{074BBE26-8048-4273-8702-CCD4750FCE88}.Debug|Any CPU.Build.0 = Debug|Any CPU
		{074BBE26-8048-4273-8702-CCD4750FCE88}.Release|Any CPU.ActiveCfg = Release|Any CPU
		{074BBE26-8048-4273-8702-CCD4750FCE88}.Release|Any CPU.Build.0 = Release|Any CPU
		{E49CC6C2-AC23-49BF-B359-18019A568828}.Debug|Any CPU.ActiveCfg = Debug|Any CPU
		{E49CC6C2-AC23-49BF-B359-18019A568828}.Debug|Any CPU.Build.0 = Debug|Any CPU
		{E49CC6C2-AC23-49BF-B359-18019A568828}.Release|Any CPU.ActiveCfg = Release|Any CPU
		{E49CC6C2-AC23-49BF-B359-18019A568828}.Release|Any CPU.Build.0 = Release|Any CPU
		{E641DB4D-2B30-44EB-BF56-86E7A293F31A}.Debug|Any CPU.ActiveCfg = Debug|Any CPU
		{E641DB4D-2B30-44EB-BF56-86E7A293F31A}.Debug|Any CPU.Build.0 = Debug|Any CPU
		{E641DB4D-2B30-44EB-BF56-86E7A293F31A}.Release|Any CPU.ActiveCfg = Release|Any CPU
		{E641DB4D-2B30-44EB-BF56-86E7A293F31A}.Release|Any CPU.Build.0 = Release|Any CPU
		{1A4EC1D5-A870-4D6F-A5AE-94F9B32E2A7A}.Debug|Any CPU.ActiveCfg = Debug|Any CPU
		{1A4EC1D5-A870-4D6F-A5AE-94F9B32E2A7A}.Debug|Any CPU.Build.0 = Debug|Any CPU
		{1A4EC1D5-A870-4D6F-A5AE-94F9B32E2A7A}.Release|Any CPU.ActiveCfg = Release|Any CPU
		{1A4EC1D5-A870-4D6F-A5AE-94F9B32E2A7A}.Release|Any CPU.Build.0 = Release|Any CPU
		{A6A92C6E-8A29-412A-8241-EB34B11F5C26}.Debug|Any CPU.ActiveCfg = Debug|Any CPU
		{A6A92C6E-8A29-412A-8241-EB34B11F5C26}.Debug|Any CPU.Build.0 = Debug|Any CPU
		{A6A92C6E-8A29-412A-8241-EB34B11F5C26}.Release|Any CPU.ActiveCfg = Release|Any CPU
		{A6A92C6E-8A29-412A-8241-EB34B11F5C26}.Release|Any CPU.Build.0 = Release|Any CPU
		{E0137CF6-F9EF-4558-BC69-760EAD6FD624}.Debug|Any CPU.ActiveCfg = Debug|Any CPU
		{E0137CF6-F9EF-4558-BC69-760EAD6FD624}.Debug|Any CPU.Build.0 = Debug|Any CPU
		{E0137CF6-F9EF-4558-BC69-760EAD6FD624}.Release|Any CPU.ActiveCfg = Release|Any CPU
		{E0137CF6-F9EF-4558-BC69-760EAD6FD624}.Release|Any CPU.Build.0 = Release|Any CPU
		{77CAA7C4-81F4-42CB-9732-E5C2398B49F4}.Debug|Any CPU.ActiveCfg = Debug|Any CPU
		{77CAA7C4-81F4-42CB-9732-E5C2398B49F4}.Debug|Any CPU.Build.0 = Debug|Any CPU
		{77CAA7C4-81F4-42CB-9732-E5C2398B49F4}.Release|Any CPU.ActiveCfg = Release|Any CPU
		{77CAA7C4-81F4-42CB-9732-E5C2398B49F4}.Release|Any CPU.Build.0 = Release|Any CPU
		{A41F7D78-64BC-4664-A78E-42400C62E942}.Debug|Any CPU.ActiveCfg = Debug|Any CPU
		{A41F7D78-64BC-4664-A78E-42400C62E942}.Debug|Any CPU.Build.0 = Debug|Any CPU
		{A41F7D78-64BC-4664-A78E-42400C62E942}.Release|Any CPU.ActiveCfg = Release|Any CPU
		{A41F7D78-64BC-4664-A78E-42400C62E942}.Release|Any CPU.Build.0 = Release|Any CPU
		{B0678DC7-0F5A-40F6-B6ED-9728EBAE2D88}.Debug|Any CPU.ActiveCfg = Debug|Any CPU
		{B0678DC7-0F5A-40F6-B6ED-9728EBAE2D88}.Debug|Any CPU.Build.0 = Debug|Any CPU
		{B0678DC7-0F5A-40F6-B6ED-9728EBAE2D88}.Release|Any CPU.ActiveCfg = Release|Any CPU
		{B0678DC7-0F5A-40F6-B6ED-9728EBAE2D88}.Release|Any CPU.Build.0 = Release|Any CPU
		{BC789B43-1E17-4C1D-9B17-8060662D3CBF}.Debug|Any CPU.ActiveCfg = Debug|Any CPU
		{BC789B43-1E17-4C1D-9B17-8060662D3CBF}.Debug|Any CPU.Build.0 = Debug|Any CPU
		{BC789B43-1E17-4C1D-9B17-8060662D3CBF}.Release|Any CPU.ActiveCfg = Release|Any CPU
		{BC789B43-1E17-4C1D-9B17-8060662D3CBF}.Release|Any CPU.Build.0 = Release|Any CPU
		{F75F6471-4D19-4FE1-BD7F-95B90FF8CAEC}.Debug|Any CPU.ActiveCfg = Debug|Any CPU
		{F75F6471-4D19-4FE1-BD7F-95B90FF8CAEC}.Debug|Any CPU.Build.0 = Debug|Any CPU
		{F75F6471-4D19-4FE1-BD7F-95B90FF8CAEC}.Release|Any CPU.ActiveCfg = Release|Any CPU
		{F75F6471-4D19-4FE1-BD7F-95B90FF8CAEC}.Release|Any CPU.Build.0 = Release|Any CPU
		{4B7293D9-0BA5-475E-BA34-B6A184422361}.Debug|Any CPU.ActiveCfg = Debug|Any CPU
		{4B7293D9-0BA5-475E-BA34-B6A184422361}.Debug|Any CPU.Build.0 = Debug|Any CPU
		{4B7293D9-0BA5-475E-BA34-B6A184422361}.Release|Any CPU.ActiveCfg = Release|Any CPU
		{4B7293D9-0BA5-475E-BA34-B6A184422361}.Release|Any CPU.Build.0 = Release|Any CPU
		{75EA74AE-4C2B-4A2D-8E9A-23E4D996367B}.Debug|Any CPU.ActiveCfg = Debug|Any CPU
		{75EA74AE-4C2B-4A2D-8E9A-23E4D996367B}.Debug|Any CPU.Build.0 = Debug|Any CPU
		{75EA74AE-4C2B-4A2D-8E9A-23E4D996367B}.Release|Any CPU.ActiveCfg = Release|Any CPU
		{75EA74AE-4C2B-4A2D-8E9A-23E4D996367B}.Release|Any CPU.Build.0 = Release|Any CPU
		{F1C204F2-BBB2-4FA1-A072-AE2640051E4A}.Debug|Any CPU.ActiveCfg = Debug|Any CPU
		{F1C204F2-BBB2-4FA1-A072-AE2640051E4A}.Debug|Any CPU.Build.0 = Debug|Any CPU
		{F1C204F2-BBB2-4FA1-A072-AE2640051E4A}.Release|Any CPU.ActiveCfg = Release|Any CPU
		{F1C204F2-BBB2-4FA1-A072-AE2640051E4A}.Release|Any CPU.Build.0 = Release|Any CPU
	EndGlobalSection
	GlobalSection(SolutionProperties) = preSolution
		HideSolutionNode = FALSE
	EndGlobalSection
	GlobalSection(ExtensibilityGlobals) = postSolution
		SolutionGuid = {496249B5-943B-4330-AF24-18ABC274FE54}
	EndGlobalSection
EndGlobal
